// !$*UTF8*$!
{
	archiveVersion = 1;
	classes = {
	};
	objectVersion = 46;
	objects = {

/* Begin PBXBuildFile section */
		4C75053A0085DC10E13645AD /* libPods-Favorite.a in Frameworks */ = {isa = PBXBuildFile; fileRef = B8A6F5B49DF3140B1E26D39B /* libPods-Favorite.a */; };
		9C0FF62E1A2374670072E4A6 /* main.m in Sources */ = {isa = PBXBuildFile; fileRef = 9C0FF62D1A2374670072E4A6 /* main.m */; };
		9C0FF63A1A2374670072E4A6 /* Main.storyboard in Resources */ = {isa = PBXBuildFile; fileRef = 9C0FF6381A2374670072E4A6 /* Main.storyboard */; };
		9C0FF63C1A2374670072E4A6 /* Images.xcassets in Resources */ = {isa = PBXBuildFile; fileRef = 9C0FF63B1A2374670072E4A6 /* Images.xcassets */; };
		9C0FF63F1A2374670072E4A6 /* LaunchScreen.xib in Resources */ = {isa = PBXBuildFile; fileRef = 9C0FF63D1A2374670072E4A6 /* LaunchScreen.xib */; };
		9C0FF64B1A2374670072E4A6 /* FavoriteTests.m in Sources */ = {isa = PBXBuildFile; fileRef = 9C0FF64A1A2374670072E4A6 /* FavoriteTests.m */; };
		9C2CEC3E1A237DBF006EE2F6 /* AppDelegate.m in Sources */ = {isa = PBXBuildFile; fileRef = 9C2CEC3D1A237DBF006EE2F6 /* AppDelegate.m */; };
		9C2CEC491A237DCD006EE2F6 /* AFHTTPRequestOperationManager+HttpHeader.m in Sources */ = {isa = PBXBuildFile; fileRef = 9C2CEC411A237DCD006EE2F6 /* AFHTTPRequestOperationManager+HttpHeader.m */; };
		9C2CEC4A1A237DCD006EE2F6 /* NSObject+Network.m in Sources */ = {isa = PBXBuildFile; fileRef = 9C2CEC431A237DCD006EE2F6 /* NSObject+Network.m */; };
		9C2CEC4C1A237DCD006EE2F6 /* SecondViewController.m in Sources */ = {isa = PBXBuildFile; fileRef = 9C2CEC481A237DCD006EE2F6 /* SecondViewController.m */; };
		9C2CEC4F1A2383D5006EE2F6 /* SearchTableViewController.m in Sources */ = {isa = PBXBuildFile; fileRef = 9C2CEC4E1A2383D5006EE2F6 /* SearchTableViewController.m */; };
		9C3415AA1A29B61600FC3FDF /* FEFavoriteManagerTest.m in Sources */ = {isa = PBXBuildFile; fileRef = 9C3415A91A29B61600FC3FDF /* FEFavoriteManagerTest.m */; };
		9C3415AE1A29B9BF00FC3FDF /* FEFavoriteManager.m in Sources */ = {isa = PBXBuildFile; fileRef = 9C3415AD1A29B9BF00FC3FDF /* FEFavoriteManager.m */; };
		9C5067811A25FF6A007EE617 /* FEItem.m in Sources */ = {isa = PBXBuildFile; fileRef = 9C5067801A25FF6A007EE617 /* FEItem.m */; };
		9C5067821A25FF6A007EE617 /* FEItem.m in Sources */ = {isa = PBXBuildFile; fileRef = 9C5067801A25FF6A007EE617 /* FEItem.m */; };
		9CED58961A260A4500ED0454 /* SearchTableViewCell.m in Sources */ = {isa = PBXBuildFile; fileRef = 9CED58951A260A4500ED0454 /* SearchTableViewCell.m */; };
		9CED58971A260A4500ED0454 /* SearchTableViewCell.m in Sources */ = {isa = PBXBuildFile; fileRef = 9CED58951A260A4500ED0454 /* SearchTableViewCell.m */; };
/* End PBXBuildFile section */

/* Begin PBXContainerItemProxy section */
		9C0FF6451A2374670072E4A6 /* PBXContainerItemProxy */ = {
			isa = PBXContainerItemProxy;
			containerPortal = 9C0FF6201A2374670072E4A6 /* Project object */;
			proxyType = 1;
			remoteGlobalIDString = 9C0FF6271A2374670072E4A6;
			remoteInfo = Favorite;
		};
/* End PBXContainerItemProxy section */

/* Begin PBXFileReference section */
		9C0FF6281A2374670072E4A6 /* Favorite.app */ = {isa = PBXFileReference; explicitFileType = wrapper.application; includeInIndex = 0; path = Favorite.app; sourceTree = BUILT_PRODUCTS_DIR; };
		9C0FF62C1A2374670072E4A6 /* Info.plist */ = {isa = PBXFileReference; lastKnownFileType = text.plist.xml; path = Info.plist; sourceTree = "<group>"; };
		9C0FF62D1A2374670072E4A6 /* main.m */ = {isa = PBXFileReference; lastKnownFileType = sourcecode.c.objc; path = main.m; sourceTree = "<group>"; };
		9C0FF6391A2374670072E4A6 /* Base */ = {isa = PBXFileReference; lastKnownFileType = file.storyboard; name = Base; path = Base.lproj/Main.storyboard; sourceTree = "<group>"; };
		9C0FF63B1A2374670072E4A6 /* Images.xcassets */ = {isa = PBXFileReference; lastKnownFileType = folder.assetcatalog; path = Images.xcassets; sourceTree = "<group>"; };
		9C0FF63E1A2374670072E4A6 /* Base */ = {isa = PBXFileReference; lastKnownFileType = file.xib; name = Base; path = Base.lproj/LaunchScreen.xib; sourceTree = "<group>"; };
		9C0FF6441A2374670072E4A6 /* FavoriteTests.xctest */ = {isa = PBXFileReference; explicitFileType = wrapper.cfbundle; includeInIndex = 0; path = FavoriteTests.xctest; sourceTree = BUILT_PRODUCTS_DIR; };
		9C0FF6491A2374670072E4A6 /* Info.plist */ = {isa = PBXFileReference; lastKnownFileType = text.plist.xml; path = Info.plist; sourceTree = "<group>"; };
		9C0FF64A1A2374670072E4A6 /* FavoriteTests.m */ = {isa = PBXFileReference; lastKnownFileType = sourcecode.c.objc; path = FavoriteTests.m; sourceTree = "<group>"; };
		9C2CEC3C1A237DBF006EE2F6 /* AppDelegate.h */ = {isa = PBXFileReference; fileEncoding = 4; lastKnownFileType = sourcecode.c.h; path = AppDelegate.h; sourceTree = "<group>"; };
		9C2CEC3D1A237DBF006EE2F6 /* AppDelegate.m */ = {isa = PBXFileReference; fileEncoding = 4; lastKnownFileType = sourcecode.c.objc; path = AppDelegate.m; sourceTree = "<group>"; };
		9C2CEC401A237DCD006EE2F6 /* AFHTTPRequestOperationManager+HttpHeader.h */ = {isa = PBXFileReference; fileEncoding = 4; lastKnownFileType = sourcecode.c.h; path = "AFHTTPRequestOperationManager+HttpHeader.h"; sourceTree = "<group>"; };
		9C2CEC411A237DCD006EE2F6 /* AFHTTPRequestOperationManager+HttpHeader.m */ = {isa = PBXFileReference; fileEncoding = 4; lastKnownFileType = sourcecode.c.objc; path = "AFHTTPRequestOperationManager+HttpHeader.m"; sourceTree = "<group>"; };
		9C2CEC421A237DCD006EE2F6 /* NSObject+Network.h */ = {isa = PBXFileReference; fileEncoding = 4; lastKnownFileType = sourcecode.c.h; path = "NSObject+Network.h"; sourceTree = "<group>"; };
		9C2CEC431A237DCD006EE2F6 /* NSObject+Network.m */ = {isa = PBXFileReference; fileEncoding = 4; lastKnownFileType = sourcecode.c.objc; path = "NSObject+Network.m"; sourceTree = "<group>"; };
		9C2CEC471A237DCD006EE2F6 /* SecondViewController.h */ = {isa = PBXFileReference; fileEncoding = 4; lastKnownFileType = sourcecode.c.h; path = SecondViewController.h; sourceTree = "<group>"; };
		9C2CEC481A237DCD006EE2F6 /* SecondViewController.m */ = {isa = PBXFileReference; fileEncoding = 4; lastKnownFileType = sourcecode.c.objc; path = SecondViewController.m; sourceTree = "<group>"; };
		9C2CEC4D1A2383D5006EE2F6 /* SearchTableViewController.h */ = {isa = PBXFileReference; fileEncoding = 4; lastKnownFileType = sourcecode.c.h; path = SearchTableViewController.h; sourceTree = "<group>"; };
		9C2CEC4E1A2383D5006EE2F6 /* SearchTableViewController.m */ = {isa = PBXFileReference; fileEncoding = 4; lastKnownFileType = sourcecode.c.objc; path = SearchTableViewController.m; sourceTree = "<group>"; };
		9C3415A91A29B61600FC3FDF /* FEFavoriteManagerTest.m */ = {isa = PBXFileReference; fileEncoding = 4; lastKnownFileType = sourcecode.c.objc; path = FEFavoriteManagerTest.m; sourceTree = "<group>"; };
		9C3415AC1A29B9BF00FC3FDF /* FEFavoriteManager.h */ = {isa = PBXFileReference; fileEncoding = 4; lastKnownFileType = sourcecode.c.h; path = FEFavoriteManager.h; sourceTree = "<group>"; };
		9C3415AD1A29B9BF00FC3FDF /* FEFavoriteManager.m */ = {isa = PBXFileReference; fileEncoding = 4; lastKnownFileType = sourcecode.c.objc; path = FEFavoriteManager.m; sourceTree = "<group>"; };
		9C50677F1A25FF6A007EE617 /* FEItem.h */ = {isa = PBXFileReference; fileEncoding = 4; lastKnownFileType = sourcecode.c.h; path = FEItem.h; sourceTree = "<group>"; };
		9C5067801A25FF6A007EE617 /* FEItem.m */ = {isa = PBXFileReference; fileEncoding = 4; lastKnownFileType = sourcecode.c.objc; path = FEItem.m; sourceTree = "<group>"; };
		9CED58941A260A4500ED0454 /* SearchTableViewCell.h */ = {isa = PBXFileReference; fileEncoding = 4; lastKnownFileType = sourcecode.c.h; path = SearchTableViewCell.h; sourceTree = "<group>"; };
		9CED58951A260A4500ED0454 /* SearchTableViewCell.m */ = {isa = PBXFileReference; fileEncoding = 4; lastKnownFileType = sourcecode.c.objc; path = SearchTableViewCell.m; sourceTree = "<group>"; };
		9CEFA6411A24CB6B005DA6D6 /* config.pch */ = {isa = PBXFileReference; fileEncoding = 4; lastKnownFileType = sourcecode.c.h; path = config.pch; sourceTree = "<group>"; };
		B8A6F5B49DF3140B1E26D39B /* libPods-Favorite.a */ = {isa = PBXFileReference; explicitFileType = archive.ar; includeInIndex = 0; path = "libPods-Favorite.a"; sourceTree = BUILT_PRODUCTS_DIR; };
		CD83D80014C77722F399C2D1 /* Pods-Favorite.debug.xcconfig */ = {isa = PBXFileReference; includeInIndex = 1; lastKnownFileType = text.xcconfig; name = "Pods-Favorite.debug.xcconfig"; path = "Pods/Target Support Files/Pods-Favorite/Pods-Favorite.debug.xcconfig"; sourceTree = "<group>"; };
		D83A64C50CF3372837D707F6 /* Pods-Favorite.release.xcconfig */ = {isa = PBXFileReference; includeInIndex = 1; lastKnownFileType = text.xcconfig; name = "Pods-Favorite.release.xcconfig"; path = "Pods/Target Support Files/Pods-Favorite/Pods-Favorite.release.xcconfig"; sourceTree = "<group>"; };
/* End PBXFileReference section */

/* Begin PBXFrameworksBuildPhase section */
		9C0FF6251A2374670072E4A6 /* Frameworks */ = {
			isa = PBXFrameworksBuildPhase;
			buildActionMask = 2147483647;
			files = (
				4C75053A0085DC10E13645AD /* libPods-Favorite.a in Frameworks */,
			);
			runOnlyForDeploymentPostprocessing = 0;
		};
		9C0FF6411A2374670072E4A6 /* Frameworks */ = {
			isa = PBXFrameworksBuildPhase;
			buildActionMask = 2147483647;
			files = (
			);
			runOnlyForDeploymentPostprocessing = 0;
		};
/* End PBXFrameworksBuildPhase section */

/* Begin PBXGroup section */
		8E4687D00F4D27DB08FA92F1 /* Frameworks */ = {
			isa = PBXGroup;
			children = (
				B8A6F5B49DF3140B1E26D39B /* libPods-Favorite.a */,
			);
			name = Frameworks;
			sourceTree = "<group>";
		};
		9C0FF61F1A2374670072E4A6 = {
			isa = PBXGroup;
			children = (
				9C0FF62A1A2374670072E4A6 /* Favorite */,
				9C0FF6471A2374670072E4A6 /* FavoriteTests */,
				9C0FF6291A2374670072E4A6 /* Products */,
				EB480B998DF1C999D3F118FD /* Pods */,
				8E4687D00F4D27DB08FA92F1 /* Frameworks */,
			);
			sourceTree = "<group>";
		};
		9C0FF6291A2374670072E4A6 /* Products */ = {
			isa = PBXGroup;
			children = (
				9C0FF6281A2374670072E4A6 /* Favorite.app */,
				9C0FF6441A2374670072E4A6 /* FavoriteTests.xctest */,
			);
			name = Products;
			sourceTree = "<group>";
		};
		9C0FF62A1A2374670072E4A6 /* Favorite */ = {
			isa = PBXGroup;
			children = (
				9C3415AB1A29B99F00FC3FDF /* Core */,
				9C2CEC3F1A237DCD006EE2F6 /* General */,
				9C2CEC441A237DCD006EE2F6 /* Module */,
				9C2CEC3C1A237DBF006EE2F6 /* AppDelegate.h */,
				9C50677E1A25FBD6007EE617 /* Model */,
				9C2CEC3D1A237DBF006EE2F6 /* AppDelegate.m */,
				9C0FF6381A2374670072E4A6 /* Main.storyboard */,
				9C0FF63B1A2374670072E4A6 /* Images.xcassets */,
				9C0FF63D1A2374670072E4A6 /* LaunchScreen.xib */,
				9C0FF62B1A2374670072E4A6 /* Supporting Files */,
			);
			path = Favorite;
			sourceTree = "<group>";
		};
		9C0FF62B1A2374670072E4A6 /* Supporting Files */ = {
			isa = PBXGroup;
			children = (
				9C0FF62C1A2374670072E4A6 /* Info.plist */,
				9C0FF62D1A2374670072E4A6 /* main.m */,
				9CEFA6411A24CB6B005DA6D6 /* config.pch */,
			);
			name = "Supporting Files";
			sourceTree = "<group>";
		};
		9C0FF6471A2374670072E4A6 /* FavoriteTests */ = {
			isa = PBXGroup;
			children = (
				9C0FF64A1A2374670072E4A6 /* FavoriteTests.m */,
				9C3415A91A29B61600FC3FDF /* FEFavoriteManagerTest.m */,
				9C0FF6481A2374670072E4A6 /* Supporting Files */,
			);
			path = FavoriteTests;
			sourceTree = "<group>";
		};
		9C0FF6481A2374670072E4A6 /* Supporting Files */ = {
			isa = PBXGroup;
			children = (
				9C0FF6491A2374670072E4A6 /* Info.plist */,
			);
			name = "Supporting Files";
			sourceTree = "<group>";
		};
		9C2CEC3F1A237DCD006EE2F6 /* General */ = {
			isa = PBXGroup;
			children = (
				9C2CEC401A237DCD006EE2F6 /* AFHTTPRequestOperationManager+HttpHeader.h */,
				9C2CEC411A237DCD006EE2F6 /* AFHTTPRequestOperationManager+HttpHeader.m */,
				9C2CEC421A237DCD006EE2F6 /* NSObject+Network.h */,
				9C2CEC431A237DCD006EE2F6 /* NSObject+Network.m */,
			);
			path = General;
			sourceTree = "<group>";
		};
		9C2CEC441A237DCD006EE2F6 /* Module */ = {
			isa = PBXGroup;
			children = (
				9CED58931A260A0E00ED0454 /* Home */,
				9C2CEC471A237DCD006EE2F6 /* SecondViewController.h */,
				9C2CEC481A237DCD006EE2F6 /* SecondViewController.m */,
			);
			path = Module;
			sourceTree = "<group>";
		};
		9C3415AB1A29B99F00FC3FDF /* Core */ = {
			isa = PBXGroup;
			children = (
				9C3415AC1A29B9BF00FC3FDF /* FEFavoriteManager.h */,
				9C3415AD1A29B9BF00FC3FDF /* FEFavoriteManager.m */,
			);
			path = Core;
			sourceTree = "<group>";
		};
		9C50677E1A25FBD6007EE617 /* Model */ = {
			isa = PBXGroup;
			children = (
				9C50677F1A25FF6A007EE617 /* FEItem.h */,
				9C5067801A25FF6A007EE617 /* FEItem.m */,
			);
			path = Model;
			sourceTree = "<group>";
		};
		9CED58931A260A0E00ED0454 /* Home */ = {
			isa = PBXGroup;
			children = (
				9C2CEC4D1A2383D5006EE2F6 /* SearchTableViewController.h */,
				9C2CEC4E1A2383D5006EE2F6 /* SearchTableViewController.m */,
				9CED58941A260A4500ED0454 /* SearchTableViewCell.h */,
				9CED58951A260A4500ED0454 /* SearchTableViewCell.m */,
			);
			name = Home;
			sourceTree = "<group>";
		};
		EB480B998DF1C999D3F118FD /* Pods */ = {
			isa = PBXGroup;
			children = (
				CD83D80014C77722F399C2D1 /* Pods-Favorite.debug.xcconfig */,
				D83A64C50CF3372837D707F6 /* Pods-Favorite.release.xcconfig */,
			);
			name = Pods;
			sourceTree = "<group>";
		};
/* End PBXGroup section */

/* Begin PBXNativeTarget section */
		9C0FF6271A2374670072E4A6 /* Favorite */ = {
			isa = PBXNativeTarget;
			buildConfigurationList = 9C0FF64E1A2374670072E4A6 /* Build configuration list for PBXNativeTarget "Favorite" */;
			buildPhases = (
				BE8EF27CABBE76A7E50CC379 /* Check Pods Manifest.lock */,
				9C0FF6241A2374670072E4A6 /* Sources */,
				9C0FF6251A2374670072E4A6 /* Frameworks */,
				9C0FF6261A2374670072E4A6 /* Resources */,
				CE4B97AB3765F63A07E2A742 /* Copy Pods Resources */,
			);
			buildRules = (
			);
			dependencies = (
			);
			name = Favorite;
			productName = Favorite;
			productReference = 9C0FF6281A2374670072E4A6 /* Favorite.app */;
			productType = "com.apple.product-type.application";
		};
		9C0FF6431A2374670072E4A6 /* FavoriteTests */ = {
			isa = PBXNativeTarget;
			buildConfigurationList = 9C0FF6511A2374670072E4A6 /* Build configuration list for PBXNativeTarget "FavoriteTests" */;
			buildPhases = (
				9C0FF6401A2374670072E4A6 /* Sources */,
				9C0FF6411A2374670072E4A6 /* Frameworks */,
				9C0FF6421A2374670072E4A6 /* Resources */,
			);
			buildRules = (
			);
			dependencies = (
				9C0FF6461A2374670072E4A6 /* PBXTargetDependency */,
			);
			name = FavoriteTests;
			productName = FavoriteTests;
			productReference = 9C0FF6441A2374670072E4A6 /* FavoriteTests.xctest */;
			productType = "com.apple.product-type.bundle.unit-test";
		};
/* End PBXNativeTarget section */

/* Begin PBXProject section */
		9C0FF6201A2374670072E4A6 /* Project object */ = {
			isa = PBXProject;
			attributes = {
				LastUpgradeCheck = 0610;
				ORGANIZATIONNAME = "FourEye Mobile";
				TargetAttributes = {
					9C0FF6271A2374670072E4A6 = {
						CreatedOnToolsVersion = 6.1;
					};
					9C0FF6431A2374670072E4A6 = {
						CreatedOnToolsVersion = 6.1;
						TestTargetID = 9C0FF6271A2374670072E4A6;
					};
				};
			};
			buildConfigurationList = 9C0FF6231A2374670072E4A6 /* Build configuration list for PBXProject "Favorite" */;
			compatibilityVersion = "Xcode 3.2";
			developmentRegion = English;
			hasScannedForEncodings = 0;
			knownRegions = (
				en,
				Base,
			);
			mainGroup = 9C0FF61F1A2374670072E4A6;
			productRefGroup = 9C0FF6291A2374670072E4A6 /* Products */;
			projectDirPath = "";
			projectRoot = "";
			targets = (
				9C0FF6271A2374670072E4A6 /* Favorite */,
				9C0FF6431A2374670072E4A6 /* FavoriteTests */,
			);
		};
/* End PBXProject section */

/* Begin PBXResourcesBuildPhase section */
		9C0FF6261A2374670072E4A6 /* Resources */ = {
			isa = PBXResourcesBuildPhase;
			buildActionMask = 2147483647;
			files = (
				9C0FF63A1A2374670072E4A6 /* Main.storyboard in Resources */,
				9C0FF63F1A2374670072E4A6 /* LaunchScreen.xib in Resources */,
				9C0FF63C1A2374670072E4A6 /* Images.xcassets in Resources */,
			);
			runOnlyForDeploymentPostprocessing = 0;
		};
		9C0FF6421A2374670072E4A6 /* Resources */ = {
			isa = PBXResourcesBuildPhase;
			buildActionMask = 2147483647;
			files = (
			);
			runOnlyForDeploymentPostprocessing = 0;
		};
/* End PBXResourcesBuildPhase section */

/* Begin PBXShellScriptBuildPhase section */
		BE8EF27CABBE76A7E50CC379 /* Check Pods Manifest.lock */ = {
			isa = PBXShellScriptBuildPhase;
			buildActionMask = 2147483647;
			files = (
			);
			inputPaths = (
			);
			name = "Check Pods Manifest.lock";
			outputPaths = (
			);
			runOnlyForDeploymentPostprocessing = 0;
			shellPath = /bin/sh;
			shellScript = "diff \"${PODS_ROOT}/../Podfile.lock\" \"${PODS_ROOT}/Manifest.lock\" > /dev/null\nif [[ $? != 0 ]] ; then\n    cat << EOM\nerror: The sandbox is not in sync with the Podfile.lock. Run 'pod install' or update your CocoaPods installation.\nEOM\n    exit 1\nfi\n";
			showEnvVarsInLog = 0;
		};
		CE4B97AB3765F63A07E2A742 /* Copy Pods Resources */ = {
			isa = PBXShellScriptBuildPhase;
			buildActionMask = 2147483647;
			files = (
			);
			inputPaths = (
			);
			name = "Copy Pods Resources";
			outputPaths = (
			);
			runOnlyForDeploymentPostprocessing = 0;
			shellPath = /bin/sh;
			shellScript = "\"${SRCROOT}/Pods/Target Support Files/Pods-Favorite/Pods-Favorite-resources.sh\"\n";
			showEnvVarsInLog = 0;
		};
/* End PBXShellScriptBuildPhase section */

/* Begin PBXSourcesBuildPhase section */
		9C0FF6241A2374670072E4A6 /* Sources */ = {
			isa = PBXSourcesBuildPhase;
			buildActionMask = 2147483647;
			files = (
				9C2CEC4F1A2383D5006EE2F6 /* SearchTableViewController.m in Sources */,
				9C3415AE1A29B9BF00FC3FDF /* FEFavoriteManager.m in Sources */,
				9CED58961A260A4500ED0454 /* SearchTableViewCell.m in Sources */,
				9C2CEC4C1A237DCD006EE2F6 /* SecondViewController.m in Sources */,
				9C2CEC3E1A237DBF006EE2F6 /* AppDelegate.m in Sources */,
				9C0FF62E1A2374670072E4A6 /* main.m in Sources */,
				9C5067811A25FF6A007EE617 /* FEItem.m in Sources */,
				9C2CEC4A1A237DCD006EE2F6 /* NSObject+Network.m in Sources */,
				9C2CEC491A237DCD006EE2F6 /* AFHTTPRequestOperationManager+HttpHeader.m in Sources */,
			);
			runOnlyForDeploymentPostprocessing = 0;
		};
		9C0FF6401A2374670072E4A6 /* Sources */ = {
			isa = PBXSourcesBuildPhase;
			buildActionMask = 2147483647;
			files = (
				9C3415AA1A29B61600FC3FDF /* FEFavoriteManagerTest.m in Sources */,
				9C0FF64B1A2374670072E4A6 /* FavoriteTests.m in Sources */,
				9C5067821A25FF6A007EE617 /* FEItem.m in Sources */,
				9CED58971A260A4500ED0454 /* SearchTableViewCell.m in Sources */,
			);
			runOnlyForDeploymentPostprocessing = 0;
		};
/* End PBXSourcesBuildPhase section */

/* Begin PBXTargetDependency section */
		9C0FF6461A2374670072E4A6 /* PBXTargetDependency */ = {
			isa = PBXTargetDependency;
			target = 9C0FF6271A2374670072E4A6 /* Favorite */;
			targetProxy = 9C0FF6451A2374670072E4A6 /* PBXContainerItemProxy */;
		};
/* End PBXTargetDependency section */

/* Begin PBXVariantGroup section */
		9C0FF6381A2374670072E4A6 /* Main.storyboard */ = {
			isa = PBXVariantGroup;
			children = (
				9C0FF6391A2374670072E4A6 /* Base */,
			);
			name = Main.storyboard;
			sourceTree = "<group>";
		};
		9C0FF63D1A2374670072E4A6 /* LaunchScreen.xib */ = {
			isa = PBXVariantGroup;
			children = (
				9C0FF63E1A2374670072E4A6 /* Base */,
			);
			name = LaunchScreen.xib;
			sourceTree = "<group>";
		};
/* End PBXVariantGroup section */

/* Begin XCBuildConfiguration section */
		9C0FF64C1A2374670072E4A6 /* Debug */ = {
			isa = XCBuildConfiguration;
			buildSettings = {
				ALWAYS_SEARCH_USER_PATHS = NO;
				CLANG_CXX_LANGUAGE_STANDARD = "gnu++0x";
				CLANG_CXX_LIBRARY = "libc++";
				CLANG_ENABLE_MODULES = YES;
				CLANG_ENABLE_OBJC_ARC = YES;
				CLANG_WARN_BOOL_CONVERSION = YES;
				CLANG_WARN_CONSTANT_CONVERSION = YES;
				CLANG_WARN_DIRECT_OBJC_ISA_USAGE = YES_ERROR;
				CLANG_WARN_EMPTY_BODY = YES;
				CLANG_WARN_ENUM_CONVERSION = YES;
				CLANG_WARN_INT_CONVERSION = YES;
				CLANG_WARN_OBJC_ROOT_CLASS = YES_ERROR;
				CLANG_WARN_UNREACHABLE_CODE = YES;
				CLANG_WARN__DUPLICATE_METHOD_MATCH = YES;
				"CODE_SIGN_IDENTITY[sdk=iphoneos*]" = "iPhone Developer";
				COPY_PHASE_STRIP = NO;
				ENABLE_STRICT_OBJC_MSGSEND = YES;
				GCC_C_LANGUAGE_STANDARD = gnu99;
				GCC_DYNAMIC_NO_PIC = NO;
				GCC_OPTIMIZATION_LEVEL = 0;
				GCC_PREPROCESSOR_DEFINITIONS = (
					"DEBUG=1",
					"$(inherited)",
				);
				GCC_SYMBOLS_PRIVATE_EXTERN = NO;
				GCC_WARN_64_TO_32_BIT_CONVERSION = YES;
				GCC_WARN_ABOUT_RETURN_TYPE = YES_ERROR;
				GCC_WARN_UNDECLARED_SELECTOR = YES;
				GCC_WARN_UNINITIALIZED_AUTOS = YES_AGGRESSIVE;
				GCC_WARN_UNUSED_FUNCTION = YES;
				GCC_WARN_UNUSED_VARIABLE = YES;
				IPHONEOS_DEPLOYMENT_TARGET = 7.0;
				MTL_ENABLE_DEBUG_INFO = YES;
				ONLY_ACTIVE_ARCH = YES;
				SDKROOT = iphoneos;
				TARGETED_DEVICE_FAMILY = "1,2";
			};
			name = Debug;
		};
		9C0FF64D1A2374670072E4A6 /* Release */ = {
			isa = XCBuildConfiguration;
			baseConfigurationReference = D83A64C50CF3372837D707F6 /* Pods-Favorite.release.xcconfig */;
			buildSettings = {
				ALWAYS_SEARCH_USER_PATHS = NO;
				CLANG_CXX_LANGUAGE_STANDARD = "gnu++0x";
				CLANG_CXX_LIBRARY = "libc++";
				CLANG_ENABLE_MODULES = YES;
				CLANG_ENABLE_OBJC_ARC = YES;
				CLANG_WARN_BOOL_CONVERSION = YES;
				CLANG_WARN_CONSTANT_CONVERSION = YES;
				CLANG_WARN_DIRECT_OBJC_ISA_USAGE = YES_ERROR;
				CLANG_WARN_EMPTY_BODY = YES;
				CLANG_WARN_ENUM_CONVERSION = YES;
				CLANG_WARN_INT_CONVERSION = YES;
				CLANG_WARN_OBJC_ROOT_CLASS = YES_ERROR;
				CLANG_WARN_UNREACHABLE_CODE = YES;
				CLANG_WARN__DUPLICATE_METHOD_MATCH = YES;
				"CODE_SIGN_IDENTITY[sdk=iphoneos*]" = "iPhone Developer";
				COPY_PHASE_STRIP = YES;
				ENABLE_NS_ASSERTIONS = NO;
				ENABLE_STRICT_OBJC_MSGSEND = YES;
				GCC_C_LANGUAGE_STANDARD = gnu99;
				GCC_WARN_64_TO_32_BIT_CONVERSION = YES;
				GCC_WARN_ABOUT_RETURN_TYPE = YES_ERROR;
				GCC_WARN_UNDECLARED_SELECTOR = YES;
				GCC_WARN_UNINITIALIZED_AUTOS = YES_AGGRESSIVE;
				GCC_WARN_UNUSED_FUNCTION = YES;
				GCC_WARN_UNUSED_VARIABLE = YES;
				IPHONEOS_DEPLOYMENT_TARGET = 7.0;
				MTL_ENABLE_DEBUG_INFO = NO;
				SDKROOT = iphoneos;
				TARGETED_DEVICE_FAMILY = "1,2";
				VALIDATE_PRODUCT = YES;
			};
			name = Release;
		};
		9C0FF64F1A2374670072E4A6 /* Debug */ = {
			isa = XCBuildConfiguration;
			baseConfigurationReference = CD83D80014C77722F399C2D1 /* Pods-Favorite.debug.xcconfig */;
			buildSettings = {
				ASSETCATALOG_COMPILER_APPICON_NAME = AppIcon;
				GCC_PREFIX_HEADER = "${SRCROOT}/Favorite/config.pch";
				INFOPLIST_FILE = Favorite/Info.plist;
				LD_RUNPATH_SEARCH_PATHS = "$(inherited) @executable_path/Frameworks";
				PRODUCT_NAME = "$(TARGET_NAME)";
			};
			name = Debug;
		};
		9C0FF6501A2374670072E4A6 /* Release */ = {
			isa = XCBuildConfiguration;
			baseConfigurationReference = D83A64C50CF3372837D707F6 /* Pods-Favorite.release.xcconfig */;
			buildSettings = {
				ASSETCATALOG_COMPILER_APPICON_NAME = AppIcon;
				GCC_PREFIX_HEADER = "${SRCROOT}/Favorite/config.pch";
				INFOPLIST_FILE = Favorite/Info.plist;
				LD_RUNPATH_SEARCH_PATHS = "$(inherited) @executable_path/Frameworks";
				PRODUCT_NAME = "$(TARGET_NAME)";
			};
			name = Release;
		};
		9C0FF6521A2374670072E4A6 /* Debug */ = {
			isa = XCBuildConfiguration;
			baseConfigurationReference = CD83D80014C77722F399C2D1 /* Pods-Favorite.debug.xcconfig */;
			buildSettings = {
				BUNDLE_LOADER = "$(TEST_HOST)";
				FRAMEWORK_SEARCH_PATHS = (
					"$(SDKROOT)/Developer/Library/Frameworks",
					"$(inherited)",
				);
				GCC_PREPROCESSOR_DEFINITIONS = (
					"DEBUG=1",
					"$(inherited)",
				);
				INFOPLIST_FILE = FavoriteTests/Info.plist;
				LD_RUNPATH_SEARCH_PATHS = "$(inherited) @executable_path/Frameworks @loader_path/Frameworks";
				PRODUCT_NAME = "$(TARGET_NAME)";
				TEST_HOST = "$(BUILT_PRODUCTS_DIR)/Favorite.app/Favorite";
			};
			name = Debug;
		};
		9C0FF6531A2374670072E4A6 /* Release */ = {
			isa = XCBuildConfiguration;
			buildSettings = {
				BUNDLE_LOADER = "$(TEST_HOST)";
				FRAMEWORK_SEARCH_PATHS = (
					"$(SDKROOT)/Developer/Library/Frameworks",
					"$(inherited)",
				);
				INFOPLIST_FILE = FavoriteTests/Info.plist;
				LD_RUNPATH_SEARCH_PATHS = "$(inherited) @executable_path/Frameworks @loader_path/Frameworks";
				PRODUCT_NAME = "$(TARGET_NAME)";
				TEST_HOST = "$(BUILT_PRODUCTS_DIR)/Favorite.app/Favorite";
			};
			name = Release;
		};
/* End XCBuildConfiguration section */

/* Begin XCConfigurationList section */
		9C0FF6231A2374670072E4A6 /* Build configuration list for PBXProject "Favorite" */ = {
			isa = XCConfigurationList;
			buildConfigurations = (
				9C0FF64C1A2374670072E4A6 /* Debug */,
				9C0FF64D1A2374670072E4A6 /* Release */,
			);
			defaultConfigurationIsVisible = 0;
			defaultConfigurationName = Release;
		};
		9C0FF64E1A2374670072E4A6 /* Build configuration list for PBXNativeTarget "Favorite" */ = {
			isa = XCConfigurationList;
			buildConfigurations = (
				9C0FF64F1A2374670072E4A6 /* Debug */,
				9C0FF6501A2374670072E4A6 /* Release */,
			);
			defaultConfigurationIsVisible = 0;
			defaultConfigurationName = Release;
		};
		9C0FF6511A2374670072E4A6 /* Build configuration list for PBXNativeTarget "FavoriteTests" */ = {
			isa = XCConfigurationList;
			buildConfigurations = (
				9C0FF6521A2374670072E4A6 /* Debug */,
				9C0FF6531A2374670072E4A6 /* Release */,
			);
			defaultConfigurationIsVisible = 0;
			defaultConfigurationName = Release;
		};
/* End XCConfigurationList section */
	};
	rootObject = 9C0FF6201A2374670072E4A6 /* Project object */;
}
